PODS:
  - camera_avfoundation (0.0.1):
    - Flutter
  - Flutter (1.0.0)
  - integration_test (0.0.1):
    - Flutter
  - path_provider_foundation (0.0.1):
    - Flutter
    - FlutterMacOS
  - photo_manager (2.0.0):
    - Flutter
    - FlutterMacOS
  - picker_pro_max_ultra (0.0.1):
    - Flutter
  - share_plus (0.0.1):
    - Flutter

DEPENDENCIES:
  - camera_avfoundation (from `.symlinks/plugins/camera_avfoundation/ios`)
  - Flutter (from `Flutter`)
  - integration_test (from `.symlinks/plugins/integration_test/ios`)
  - path_provider_foundation (from `.symlinks/plugins/path_provider_foundation/darwin`)
  - photo_manager (from `.symlinks/plugins/photo_manager/ios`)
  - picker_pro_max_ultra (from `.symlinks/plugins/picker_pro_max_ultra/ios`)
  - share_plus (from `.symlinks/plugins/share_plus/ios`)

EXTERNAL SOURCES:
  camera_avfoundation:
    :path: ".symlinks/plugins/camera_avfoundation/ios"
  Flutter:
    :path: Flutter
  integration_test:
    :path: ".symlinks/plugins/integration_test/ios"
  path_provider_foundation:
    :path: ".symlinks/plugins/path_provider_foundation/darwin"
  photo_manager:
    :path: ".symlinks/plugins/photo_manager/ios"
  picker_pro_max_ultra:
    :path: ".symlinks/plugins/picker_pro_max_ultra/ios"
  share_plus:
    :path: ".symlinks/plugins/share_plus/ios"

SPEC CHECKSUMS:
  camera_avfoundation: dd002b0330f4981e1bbcb46ae9b62829237459a4
  Flutter: e0871f40cf51350855a761d2e70bf5af5b9b5de7
  integration_test: 252f60fa39af5e17c3aa9899d35d908a0721b573
  path_provider_foundation: 2b6b4c569c0fb62ec74538f866245ac84301af46
  photo_manager: ff695c7a1dd5bc379974953a2b5c0a293f7c4c8a
  picker_pro_max_ultra: 0341587afae40e1f592a4fe71c50748783b639e5
  share_plus: 8b6f8b3447e494cca5317c8c3073de39b3600d1f

PODFILE CHECKSUM: a3c08376fb009ac4829fba9c9db548d0399c9218

COCOAPODS: 1.16.2
